Microsoft Visual Studio Solution File, Format Version 12.00
# Visual Studio Version 17
VisualStudioVersion = 17.5.2.0
MinimumVisualStudioVersion = 10.0.40219.1
Project("{FAE04EC0-301F-11D3-BF4B-00C04F79EFBC}") = "MidtermComGame", "MidtermComGame.csproj", "{10DF3ED6-8AE8-C70C-633A-B7FA757CA27E}"
EndProject
Global
	GlobalSection(SolutionConfigurationPlatforms) = preSolution
		Debug|Any CPU = Debug|Any CPU
		Release|Any CPU = Release|Any CPU
	EndGlobalSection
	GlobalSection(ProjectConfigurationPlatforms) = postSolution
		{10DF3ED6-8AE8-C70C-633A-B7FA757CA27E}.Debug|Any CPU.ActiveCfg = Debug|Any CPU
		{10DF3ED6-8AE8-C70C-633A-B7FA757CA27E}.Debug|Any CPU.Build.0 = Debug|Any CPU
		{10DF3ED6-8AE8-C70C-633A-B7FA757CA27E}.Release|Any CPU.ActiveCfg = Release|Any CPU
		{10DF3ED6-8AE8-C70C-633A-B7FA757CA27E}.Release|Any CPU.Build.0 = Release|Any CPU
	EndGlobalSection
	GlobalSection(SolutionProperties) = preSolution
		HideSolutionNode = FALSE
	EndGlobalSection
	GlobalSection(ExtensibilityGlobals) = postSolution
		SolutionGuid = {9EAE6624-6E14-4E7A-AF16-57F20B1EC3A1}
	EndGlobalSection
EndGlobal
